
Microsoft Visual Studio Solution File, Format Version 12.00
# Visual Studio Version 16
VisualStudioVersion = 16.0.29920.165
MinimumVisualStudioVersion = 10.0.40219.1
Project("{FAE04EC0-301F-11D3-BF4B-00C04F79EFBC}") = "ejemploCrudAsp", "ejemploCrudAsp.csproj", "{4C03CBF3-9F9B-488F-B1CD-99CB6D86D290}"
EndProject
Global
	GlobalSection(SolutionConfigurationPlatforms) = preSolution
		Debug|Any CPU = Debug|Any CPU
		Release|Any CPU = Release|Any CPU
	EndGlobalSection
	GlobalSection(ProjectConfigurationPlatforms) = postSolution
		{4C03CBF3-9F9B-488F-B1CD-99CB6D86D290}.Debug|Any CPU.ActiveCfg = Debug|Any CPU
		{4C03CBF3-9F9B-488F-B1CD-99CB6D86D290}.Debug|Any CPU.Build.0 = Debug|Any CPU
		{4C03CBF3-9F9B-488F-B1CD-99CB6D86D290}.Release|Any CPU.ActiveCfg = Release|Any CPU
		{4C03CBF3-9F9B-488F-B1CD-99CB6D86D290}.Release|Any CPU.Build.0 = Release|Any CPU
	EndGlobalSection
	GlobalSection(SolutionProperties) = preSolution
		HideSolutionNode = FALSE
	EndGlobalSection
	GlobalSection(ExtensibilityGlobals) = postSolution
		SolutionGuid = {7CF50787-EE38-40BE-80B1-2D68D2334A3D}
	EndGlobalSection
EndGlobal
